// !$*UTF8*$!
{
	archiveVersion = 1;
	classes = {
	};
	objectVersion = 51;
	objects = {

/* Begin PBXBuildFile section */
		04979F50ED432947A6AC04A2 /* Pods_weatherTests.framework in Frameworks */ = {isa = PBXBuildFile; fileRef = C22B3A2F4403F39E12B0CE38 /* Pods_weatherTests.framework */; };
		14E830CC2732978200DB60AE /* GoogleService-Info.plist in Resources */ = {isa = PBXBuildFile; fileRef = 14E830CB2732978200DB60AE /* GoogleService-Info.plist */; };
		14F9912A272E8D110026C949 /* AppDelegate.swift in Sources */ = {isa = PBXBuildFile; fileRef = 14F99129272E8D110026C949 /* AppDelegate.swift */; };
		14F9912C272E8D110026C949 /* SceneDelegate.swift in Sources */ = {isa = PBXBuildFile; fileRef = 14F9912B272E8D110026C949 /* SceneDelegate.swift */; };
		14F9912E272E8D110026C949 /* ViewController.swift in Sources */ = {isa = PBXBuildFile; fileRef = 14F9912D272E8D110026C949 /* ViewController.swift */; };
		14F99131272E8D110026C949 /* Main.storyboard in Resources */ = {isa = PBXBuildFile; fileRef = 14F9912F272E8D110026C949 /* Main.storyboard */; };
		14F99133272E8D120026C949 /* Assets.xcassets in Resources */ = {isa = PBXBuildFile; fileRef = 14F99132272E8D120026C949 /* Assets.xcassets */; };
		14F99136272E8D120026C949 /* LaunchScreen.storyboard in Resources */ = {isa = PBXBuildFile; fileRef = 14F99134272E8D120026C949 /* LaunchScreen.storyboard */; };
		14F99141272E8D120026C949 /* weatherTests.swift in Sources */ = {isa = PBXBuildFile; fileRef = 14F99140272E8D120026C949 /* weatherTests.swift */; };
		14F9914C272E8D120026C949 /* weatherUITests.swift in Sources */ = {isa = PBXBuildFile; fileRef = 14F9914B272E8D120026C949 /* weatherUITests.swift */; };
		14F9915A272EA1670026C949 /* signUpViewController.swift in Sources */ = {isa = PBXBuildFile; fileRef = 14F99159272EA1670026C949 /* signUpViewController.swift */; };
		14F9915E272EA3210026C949 /* weatherViewController.swift in Sources */ = {isa = PBXBuildFile; fileRef = 14F9915D272EA3210026C949 /* weatherViewController.swift */; };
		7A5BD56248DFB0401E47F1DF /* Pods_weather.framework in Frameworks */ = {isa = PBXBuildFile; fileRef = AE65DA8F44FC409B5E0556C6 /* Pods_weather.framework */; };
		85CFF25166DCA9A4FEBB0877 /* Pods_weather_weatherUITests.framework in Frameworks */ = {isa = PBXBuildFile; fileRef = BC3FF9F2A8A3639644D331EA /* Pods_weather_weatherUITests.framework */; };
/* End PBXBuildFile section */

/* Begin PBXContainerItemProxy section */
		14F9913D272E8D120026C949 /* PBXContainerItemProxy */ = {
			isa = PBXContainerItemProxy;
			containerPortal = 14F9911E272E8D110026C949 /* Project object */;
			proxyType = 1;
			remoteGlobalIDString = 14F99125272E8D110026C949;
			remoteInfo = weather;
		};
		14F99148272E8D120026C949 /* PBXContainerItemProxy */ = {
			isa = PBXContainerItemProxy;
			containerPortal = 14F9911E272E8D110026C949 /* Project object */;
			proxyType = 1;
			remoteGlobalIDString = 14F99125272E8D110026C949;
			remoteInfo = weather;
		};
/* End PBXContainerItemProxy section */

/* Begin PBXFileReference section */
		033E5F00449460D0346778E9 /* Pods-weatherTests.debug.xcconfig */ = {isa = PBXFileReference; includeInIndex = 1; lastKnownFileType = text.xcconfig; name = "Pods-weatherTests.debug.xcconfig"; path = "Target Support Files/Pods-weatherTests/Pods-weatherTests.debug.xcconfig"; sourceTree = "<group>"; };
		054EF0EA42C9174899C2D618 /* Pods-weather-weatherUITests.debug.xcconfig */ = {isa = PBXFileReference; includeInIndex = 1; lastKnownFileType = text.xcconfig; name = "Pods-weather-weatherUITests.debug.xcconfig"; path = "Target Support Files/Pods-weather-weatherUITests/Pods-weather-weatherUITests.debug.xcconfig"; sourceTree = "<group>"; };
		14E830CB2732978200DB60AE /* GoogleService-Info.plist */ = {isa = PBXFileReference; fileEncoding = 4; lastKnownFileType = text.plist.xml; path = "GoogleService-Info.plist"; sourceTree = "<group>"; };
		14F99126272E8D110026C949 /* weather.app */ = {isa = PBXFileReference; explicitFileType = wrapper.application; includeInIndex = 0; path = weather.app; sourceTree = BUILT_PRODUCTS_DIR; };
		14F99129272E8D110026C949 /* AppDelegate.swift */ = {isa = PBXFileReference; lastKnownFileType = sourcecode.swift; path = AppDelegate.swift; sourceTree = "<group>"; };
		14F9912B272E8D110026C949 /* SceneDelegate.swift */ = {isa = PBXFileReference; lastKnownFileType = sourcecode.swift; path = SceneDelegate.swift; sourceTree = "<group>"; };
		14F9912D272E8D110026C949 /* ViewController.swift */ = {isa = PBXFileReference; lastKnownFileType = sourcecode.swift; path = ViewController.swift; sourceTree = "<group>"; };
		14F99130272E8D110026C949 /* Base */ = {isa = PBXFileReference; lastKnownFileType = file.storyboard; name = Base; path = Base.lproj/Main.storyboard; sourceTree = "<group>"; };
		14F99132272E8D120026C949 /* Assets.xcassets */ = {isa = PBXFileReference; lastKnownFileType = folder.assetcatalog; path = Assets.xcassets; sourceTree = "<group>"; };
		14F99135272E8D120026C949 /* Base */ = {isa = PBXFileReference; lastKnownFileType = file.storyboard; name = Base; path = Base.lproj/LaunchScreen.storyboard; sourceTree = "<group>"; };
		14F99137272E8D120026C949 /* Info.plist */ = {isa = PBXFileReference; lastKnownFileType = text.plist.xml; path = Info.plist; sourceTree = "<group>"; };
		14F9913C272E8D120026C949 /* weatherTests.xctest */ = {isa = PBXFileReference; explicitFileType = wrapper.cfbundle; includeInIndex = 0; path = weatherTests.xctest; sourceTree = BUILT_PRODUCTS_DIR; };
		14F99140272E8D120026C949 /* weatherTests.swift */ = {isa = PBXFileReference; lastKnownFileType = sourcecode.swift; path = weatherTests.swift; sourceTree = "<group>"; };
		14F99142272E8D120026C949 /* Info.plist */ = {isa = PBXFileReference; lastKnownFileType = text.plist.xml; path = Info.plist; sourceTree = "<group>"; };
		14F99147272E8D120026C949 /* weatherUITests.xctest */ = {isa = PBXFileReference; explicitFileType = wrapper.cfbundle; includeInIndex = 0; path = weatherUITests.xctest; sourceTree = BUILT_PRODUCTS_DIR; };
		14F9914B272E8D120026C949 /* weatherUITests.swift */ = {isa = PBXFileReference; lastKnownFileType = sourcecode.swift; path = weatherUITests.swift; sourceTree = "<group>"; };
		14F9914D272E8D120026C949 /* Info.plist */ = {isa = PBXFileReference; lastKnownFileType = text.plist.xml; path = Info.plist; sourceTree = "<group>"; };
		14F99159272EA1670026C949 /* signUpViewController.swift */ = {isa = PBXFileReference; lastKnownFileType = sourcecode.swift; path = signUpViewController.swift; sourceTree = "<group>"; };
		14F9915D272EA3210026C949 /* weatherViewController.swift */ = {isa = PBXFileReference; lastKnownFileType = sourcecode.swift; path = weatherViewController.swift; sourceTree = "<group>"; };
		70418A5E3A646DE86F210A26 /* Pods-weather.release.xcconfig */ = {isa = PBXFileReference; includeInIndex = 1; lastKnownFileType = text.xcconfig; name = "Pods-weather.release.xcconfig"; path = "Target Support Files/Pods-weather/Pods-weather.release.xcconfig"; sourceTree = "<group>"; };
		726437A128E42B3645B576F4 /* Pods-weatherTests.release.xcconfig */ = {isa = PBXFileReference; includeInIndex = 1; lastKnownFileType = text.xcconfig; name = "Pods-weatherTests.release.xcconfig"; path = "Target Support Files/Pods-weatherTests/Pods-weatherTests.release.xcconfig"; sourceTree = "<group>"; };
		9C52C7278B8F7421646C6D73 /* Pods-weather-weatherUITests.release.xcconfig */ = {isa = PBXFileReference; includeInIndex = 1; lastKnownFileType = text.xcconfig; name = "Pods-weather-weatherUITests.release.xcconfig"; path = "Target Support Files/Pods-weather-weatherUITests/Pods-weather-weatherUITests.release.xcconfig"; sourceTree = "<group>"; };
		AE65DA8F44FC409B5E0556C6 /* Pods_weather.framework */ = {isa = PBXFileReference; explicitFileType = wrapper.framework; includeInIndex = 0; path = Pods_weather.framework; sourceTree = BUILT_PRODUCTS_DIR; };
		B45D2882890F59D314256C70 /* Pods-weather.debug.xcconfig */ = {isa = PBXFileReference; includeInIndex = 1; lastKnownFileType = text.xcconfig; name = "Pods-weather.debug.xcconfig"; path = "Target Support Files/Pods-weather/Pods-weather.debug.xcconfig"; sourceTree = "<group>"; };
		BC3FF9F2A8A3639644D331EA /* Pods_weather_weatherUITests.framework */ = {isa = PBXFileReference; explicitFileType = wrapper.framework; includeInIndex = 0; path = Pods_weather_weatherUITests.framework; sourceTree = BUILT_PRODUCTS_DIR; };
		C22B3A2F4403F39E12B0CE38 /* Pods_weatherTests.framework */ = {isa = PBXFileReference; explicitFileType = wrapper.framework; includeInIndex = 0; path = Pods_weatherTests.framework; sourceTree = BUILT_PRODUCTS_DIR; };
/* End PBXFileReference section */

/* Begin PBXFrameworksBuildPhase section */
		14F99123272E8D110026C949 /* Frameworks */ = {
			isa = PBXFrameworksBuildPhase;
			buildActionMask = 2147483647;
			files = (
				7A5BD56248DFB0401E47F1DF /* Pods_weather.framework in Frameworks */,
			);
			runOnlyForDeploymentPostprocessing = 0;
		};
		14F99139272E8D120026C949 /* Frameworks */ = {
			isa = PBXFrameworksBuildPhase;
			buildActionMask = 2147483647;
			files = (
				04979F50ED432947A6AC04A2 /* Pods_weatherTests.framework in Frameworks */,
			);
			runOnlyForDeploymentPostprocessing = 0;
		};
		14F99144272E8D120026C949 /* Frameworks */ = {
			isa = PBXFrameworksBuildPhase;
			buildActionMask = 2147483647;
			files = (
				85CFF25166DCA9A4FEBB0877 /* Pods_weather_weatherUITests.framework in Frameworks */,
			);
			runOnlyForDeploymentPostprocessing = 0;
		};
/* End PBXFrameworksBuildPhase section */

/* Begin PBXGroup section */
		14F9911D272E8D110026C949 = {
			isa = PBXGroup;
			children = (
				14F99128272E8D110026C949 /* weather */,
				14F9913F272E8D120026C949 /* weatherTests */,
				14F9914A272E8D120026C949 /* weatherUITests */,
				14F99127272E8D110026C949 /* Products */,
				9302BC84312EC7B53D7D3BAA /* Pods */,
				D59050515D762BC234A93604 /* Frameworks */,
			);
			sourceTree = "<group>";
		};
		14F99127272E8D110026C949 /* Products */ = {
			isa = PBXGroup;
			children = (
				14F99126272E8D110026C949 /* weather.app */,
				14F9913C272E8D120026C949 /* weatherTests.xctest */,
				14F99147272E8D120026C949 /* weatherUITests.xctest */,
			);
			name = Products;
			sourceTree = "<group>";
		};
		14F99128272E8D110026C949 /* weather */ = {
			isa = PBXGroup;
			children = (
				14F99129272E8D110026C949 /* AppDelegate.swift */,
				14F9912B272E8D110026C949 /* SceneDelegate.swift */,
				14F9912D272E8D110026C949 /* ViewController.swift */,
				14E830CB2732978200DB60AE /* GoogleService-Info.plist */,
				14F9912F272E8D110026C949 /* Main.storyboard */,
				14F9915D272EA3210026C949 /* weatherViewController.swift */,
				14F99159272EA1670026C949 /* signUpViewController.swift */,
				14F99132272E8D120026C949 /* Assets.xcassets */,
				14F99134272E8D120026C949 /* LaunchScreen.storyboard */,
				14F99137272E8D120026C949 /* Info.plist */,
			);
			path = weather;
			sourceTree = "<group>";
		};
		14F9913F272E8D120026C949 /* weatherTests */ = {
			isa = PBXGroup;
			children = (
				14F99140272E8D120026C949 /* weatherTests.swift */,
				14F99142272E8D120026C949 /* Info.plist */,
			);
			path = weatherTests;
			sourceTree = "<group>";
		};
		14F9914A272E8D120026C949 /* weatherUITests */ = {
			isa = PBXGroup;
			children = (
				14F9914B272E8D120026C949 /* weatherUITests.swift */,
				14F9914D272E8D120026C949 /* Info.plist */,
			);
			path = weatherUITests;
			sourceTree = "<group>";
		};
		9302BC84312EC7B53D7D3BAA /* Pods */ = {
			isa = PBXGroup;
			children = (
				B45D2882890F59D314256C70 /* Pods-weather.debug.xcconfig */,
				70418A5E3A646DE86F210A26 /* Pods-weather.release.xcconfig */,
				054EF0EA42C9174899C2D618 /* Pods-weather-weatherUITests.debug.xcconfig */,
				9C52C7278B8F7421646C6D73 /* Pods-weather-weatherUITests.release.xcconfig */,
				033E5F00449460D0346778E9 /* Pods-weatherTests.debug.xcconfig */,
				726437A128E42B3645B576F4 /* Pods-weatherTests.release.xcconfig */,
			);
			path = Pods;
			sourceTree = "<group>";
		};
		D59050515D762BC234A93604 /* Frameworks */ = {
			isa = PBXGroup;
			children = (
				AE65DA8F44FC409B5E0556C6 /* Pods_weather.framework */,
				BC3FF9F2A8A3639644D331EA /* Pods_weather_weatherUITests.framework */,
				C22B3A2F4403F39E12B0CE38 /* Pods_weatherTests.framework */,
			);
			name = Frameworks;
			sourceTree = "<group>";
		};
/* End PBXGroup section */

/* Begin PBXNativeTarget section */
		14F99125272E8D110026C949 /* weather */ = {
			isa = PBXNativeTarget;
			buildConfigurationList = 14F99150272E8D120026C949 /* Build configuration list for PBXNativeTarget "weather" */;
			buildPhases = (
				5615C4CB882CC74127BD31FA /* [CP] Check Pods Manifest.lock */,
				14F99122272E8D110026C949 /* Sources */,
				14F99123272E8D110026C949 /* Frameworks */,
				14F99124272E8D110026C949 /* Resources */,
				A14A5DD8EF4F75C5A3339EB4 /* [CP] Embed Pods Frameworks */,
			);
			buildRules = (
			);
			dependencies = (
			);
			name = weather;
			productName = weather;
			productReference = 14F99126272E8D110026C949 /* weather.app */;
			productType = "com.apple.product-type.application";
		};
		14F9913B272E8D120026C949 /* weatherTests */ = {
			isa = PBXNativeTarget;
			buildConfigurationList = 14F99153272E8D120026C949 /* Build configuration list for PBXNativeTarget "weatherTests" */;
			buildPhases = (
				92B4AAB46105A387BD4CF24C /* [CP] Check Pods Manifest.lock */,
				14F99138272E8D120026C949 /* Sources */,
				14F99139272E8D120026C949 /* Frameworks */,
				14F9913A272E8D120026C949 /* Resources */,
			);
			buildRules = (
			);
			dependencies = (
				14F9913E272E8D120026C949 /* PBXTargetDependency */,
			);
			name = weatherTests;
			productName = weatherTests;
			productReference = 14F9913C272E8D120026C949 /* weatherTests.xctest */;
			productType = "com.apple.product-type.bundle.unit-test";
		};
		14F99146272E8D120026C949 /* weatherUITests */ = {
			isa = PBXNativeTarget;
			buildConfigurationList = 14F99156272E8D120026C949 /* Build configuration list for PBXNativeTarget "weatherUITests" */;
			buildPhases = (
				D81E444518AB759EA0A801F4 /* [CP] Check Pods Manifest.lock */,
				14F99143272E8D120026C949 /* Sources */,
				14F99144272E8D120026C949 /* Frameworks */,
				14F99145272E8D120026C949 /* Resources */,
				40CA71430F4CDB9ACD80F1DC /* [CP] Embed Pods Frameworks */,
			);
			buildRules = (
			);
			dependencies = (
				14F99149272E8D120026C949 /* PBXTargetDependency */,
			);
			name = weatherUITests;
			productName = weatherUITests;
			productReference = 14F99147272E8D120026C949 /* weatherUITests.xctest */;
			productType = "com.apple.product-type.bundle.ui-testing";
		};
/* End PBXNativeTarget section */

/* Begin PBXProject section */
		14F9911E272E8D110026C949 /* Project object */ = {
			isa = PBXProject;
			attributes = {
				LastSwiftUpdateCheck = 1130;
				LastUpgradeCheck = 1130;
				ORGANIZATIONNAME = kuetcse;
				TargetAttributes = {
					14F99125272E8D110026C949 = {
						CreatedOnToolsVersion = 11.3.1;
					};
					14F9913B272E8D120026C949 = {
						CreatedOnToolsVersion = 11.3.1;
						TestTargetID = 14F99125272E8D110026C949;
					};
					14F99146272E8D120026C949 = {
						CreatedOnToolsVersion = 11.3.1;
						TestTargetID = 14F99125272E8D110026C949;
					};
				};
			};
			buildConfigurationList = 14F99121272E8D110026C949 /* Build configuration list for PBXProject "weather" */;
			compatibilityVersion = "Xcode 9.3";
			developmentRegion = en;
			hasScannedForEncodings = 0;
			knownRegions = (
				en,
				Base,
			);
			mainGroup = 14F9911D272E8D110026C949;
			productRefGroup = 14F99127272E8D110026C949 /* Products */;
			projectDirPath = "";
			projectRoot = "";
			targets = (
				14F99125272E8D110026C949 /* weather */,
				14F9913B272E8D120026C949 /* weatherTests */,
				14F99146272E8D120026C949 /* weatherUITests */,
			);
		};
/* End PBXProject section */

/* Begin PBXResourcesBuildPhase section */
		14F99124272E8D110026C949 /* Resources */ = {
			isa = PBXResourcesBuildPhase;
			buildActionMask = 2147483647;
			files = (
				14F99136272E8D120026C949 /* LaunchScreen.storyboard in Resources */,
				14E830CC2732978200DB60AE /* GoogleService-Info.plist in Resources */,
				14F99133272E8D120026C949 /* Assets.xcassets in Resources */,
				14F99131272E8D110026C949 /* Main.storyboard in Resources */,
			);
			runOnlyForDeploymentPostprocessing = 0;
		};
		14F9913A272E8D120026C949 /* Resources */ = {
			isa = PBXResourcesBuildPhase;
			buildActionMask = 2147483647;
			files = (
			);
			runOnlyForDeploymentPostprocessing = 0;
		};
		14F99145272E8D120026C949 /* Resources */ = {
			isa = PBXResourcesBuildPhase;
			buildActionMask = 2147483647;
			files = (
			);
			runOnlyForDeploymentPostprocessing = 0;
		};
/* End PBXResourcesBuildPhase section */

/* Begin PBXShellScriptBuildPhase section */
		40CA71430F4CDB9ACD80F1DC /* [CP] Embed Pods Frameworks */ = {
			isa = PBXShellScriptBuildPhase;
			buildActionMask = 2147483647;
			files = (
			);
			inputFileListPaths = (
				"${PODS_ROOT}/Target Support Files/Pods-weather-weatherUITests/Pods-weather-weatherUITests-frameworks-${CONFIGURATION}-input-files.xcfilelist",
			);
			name = "[CP] Embed Pods Frameworks";
			outputFileListPaths = (
				"${PODS_ROOT}/Target Support Files/Pods-weather-weatherUITests/Pods-weather-weatherUITests-frameworks-${CONFIGURATION}-output-files.xcfilelist",
			);
			runOnlyForDeploymentPostprocessing = 0;
			shellPath = /bin/sh;
			shellScript = "\"${PODS_ROOT}/Target Support Files/Pods-weather-weatherUITests/Pods-weather-weatherUITests-frameworks.sh\"\n";
			showEnvVarsInLog = 0;
		};
		5615C4CB882CC74127BD31FA /* [CP] Check Pods Manifest.lock */ = {
			isa = PBXShellScriptBuildPhase;
			buildActionMask = 2147483647;
			files = (
			);
			inputFileListPaths = (
			);
			inputPaths = (
				"${PODS_PODFILE_DIR_PATH}/Podfile.lock",
				"${PODS_ROOT}/Manifest.lock",
			);
			name = "[CP] Check Pods Manifest.lock";
			outputFileListPaths = (
			);
			outputPaths = (
				"$(DERIVED_FILE_DIR)/Pods-weather-checkManifestLockResult.txt",
			);
			runOnlyForDeploymentPostprocessing = 0;
			shellPath = /bin/sh;
			shellScript = "diff \"${PODS_PODFILE_DIR_PATH}/Podfile.lock\" \"${PODS_ROOT}/Manifest.lock\" > /dev/null\nif [ $? != 0 ] ; then\n    # print error to STDERR\n    echo \"error: The sandbox is not in sync with the Podfile.lock. Run 'pod install' or update your CocoaPods installation.\" >&2\n    exit 1\nfi\n# This output is used by Xcode 'outputs' to avoid re-running this script phase.\necho \"SUCCESS\" > \"${SCRIPT_OUTPUT_FILE_0}\"\n";
			showEnvVarsInLog = 0;
		};
		92B4AAB46105A387BD4CF24C /* [CP] Check Pods Manifest.lock */ = {
			isa = PBXShellScriptBuildPhase;
			buildActionMask = 2147483647;
			files = (
			);
			inputFileListPaths = (
			);
			inputPaths = (
				"${PODS_PODFILE_DIR_PATH}/Podfile.lock",
				"${PODS_ROOT}/Manifest.lock",
			);
			name = "[CP] Check Pods Manifest.lock";
			outputFileListPaths = (
			);
			outputPaths = (
				"$(DERIVED_FILE_DIR)/Pods-weatherTests-checkManifestLockResult.txt",
			);
			runOnlyForDeploymentPostprocessing = 0;
			shellPath = /bin/sh;
			shellScript = "diff \"${PODS_PODFILE_DIR_PATH}/Podfile.lock\" \"${PODS_ROOT}/Manifest.lock\" > /dev/null\nif [ $? != 0 ] ; then\n    # print error to STDERR\n    echo \"error: The sandbox is not in sync with the Podfile.lock. Run 'pod install' or update your CocoaPods installation.\" >&2\n    exit 1\nfi\n# This output is used by Xcode 'outputs' to avoid re-running this script phase.\necho \"SUCCESS\" > \"${SCRIPT_OUTPUT_FILE_0}\"\n";
			showEnvVarsInLog = 0;
		};
		A14A5DD8EF4F75C5A3339EB4 /* [CP] Embed Pods Frameworks */ = {
			isa = PBXShellScriptBuildPhase;
			buildActionMask = 2147483647;
			files = (
			);
			inputFileListPaths = (
				"${PODS_ROOT}/Target Support Files/Pods-weather/Pods-weather-frameworks-${CONFIGURATION}-input-files.xcfilelist",
			);
			name = "[CP] Embed Pods Frameworks";
			outputFileListPaths = (
				"${PODS_ROOT}/Target Support Files/Pods-weather/Pods-weather-frameworks-${CONFIGURATION}-output-files.xcfilelist",
			);
			runOnlyForDeploymentPostprocessing = 0;
			shellPath = /bin/sh;
			shellScript = "\"${PODS_ROOT}/Target Support Files/Pods-weather/Pods-weather-frameworks.sh\"\n";
			showEnvVarsInLog = 0;
		};
		D81E444518AB759EA0A801F4 /* [CP] Check Pods Manifest.lock */ = {
			isa = PBXShellScriptBuildPhase;
			buildActionMask = 2147483647;
			files = (
			);
			inputFileListPaths = (
			);
			inputPaths = (
				"${PODS_PODFILE_DIR_PATH}/Podfile.lock",
				"${PODS_ROOT}/Manifest.lock",
			);
			name = "[CP] Check Pods Manifest.lock";
			outputFileListPaths = (
			);
			outputPaths = (
				"$(DERIVED_FILE_DIR)/Pods-weather-weatherUITests-checkManifestLockResult.txt",
			);
			runOnlyForDeploymentPostprocessing = 0;
			shellPath = /bin/sh;
			shellScript = "diff \"${PODS_PODFILE_DIR_PATH}/Podfile.lock\" \"${PODS_ROOT}/Manifest.lock\" > /dev/null\nif [ $? != 0 ] ; then\n    # print error to STDERR\n    echo \"error: The sandbox is not in sync with the Podfile.lock. Run 'pod install' or update your CocoaPods installation.\" >&2\n    exit 1\nfi\n# This output is used by Xcode 'outputs' to avoid re-running this script phase.\necho \"SUCCESS\" > \"${SCRIPT_OUTPUT_FILE_0}\"\n";
			showEnvVarsInLog = 0;
		};
/* End PBXShellScriptBuildPhase section */

/* Begin PBXSourcesBuildPhase section */
		14F99122272E8D110026C949 /* Sources */ = {
			isa = PBXSourcesBuildPhase;
			buildActionMask = 2147483647;
			files = (
				14F9912E272E8D110026C949 /* ViewController.swift in Sources */,
				14F9912A272E8D110026C949 /* AppDelegate.swift in Sources */,
				14F9915E272EA3210026C949 /* weatherViewController.swift in Sources */,
				14F9915A272EA1670026C949 /* signUpViewController.swift in Sources */,
				14F9912C272E8D110026C949 /* SceneDelegate.swift in Sources */,
			);
			runOnlyForDeploymentPostprocessing = 0;
		};
		14F99138272E8D120026C949 /* Sources */ = {
			isa = PBXSourcesBuildPhase;
			buildActionMask = 2147483647;
			files = (
				14F99141272E8D120026C949 /* weatherTests.swift in Sources */,
			);
			runOnlyForDeploymentPostprocessing = 0;
		};
		14F99143272E8D120026C949 /* Sources */ = {
			isa = PBXSourcesBuildPhase;
			buildActionMask = 2147483647;
			files = (
				14F9914C272E8D120026C949 /* weatherUITests.swift in Sources */,
			);
			runOnlyForDeploymentPostprocessing = 0;
		};
/* End PBXSourcesBuildPhase section */

/* Begin PBXTargetDependency section */
		14F9913E272E8D120026C949 /* PBXTargetDependency */ = {
			isa = PBXTargetDependency;
			target = 14F99125272E8D110026C949 /* weather */;
			targetProxy = 14F9913D272E8D120026C949 /* PBXContainerItemProxy */;
		};
		14F99149272E8D120026C949 /* PBXTargetDependency */ = {
			isa = PBXTargetDependency;
			target = 14F99125272E8D110026C949 /* weather */;
			targetProxy = 14F99148272E8D120026C949 /* PBXContainerItemProxy */;
		};
/* End PBXTargetDependency section */

/* Begin PBXVariantGroup section */
		14F9912F272E8D110026C949 /* Main.storyboard */ = {
			isa = PBXVariantGroup;
			children = (
				14F99130272E8D110026C949 /* Base */,
			);
			name = Main.storyboard;
			sourceTree = "<group>";
		};
		14F99134272E8D120026C949 /* LaunchScreen.storyboard */ = {
			isa = PBXVariantGroup;
			children = (
				14F99135272E8D120026C949 /* Base */,
			);
			name = LaunchScreen.storyboard;
			sourceTree = "<group>";
		};
/* End PBXVariantGroup section */

/* Begin XCBuildConfiguration section */
		14F9914E272E8D120026C949 /* Debug */ = {
			isa = XCBuildConfiguration;
			buildSettings = {
				ALWAYS_SEARCH_USER_PATHS = NO;
				CLANG_ANALYZER_NONNULL = YES;
				CLANG_ANALYZER_NUMBER_OBJECT_CONVERSION = YES_AGGRESSIVE;
				CLANG_CXX_LANGUAGE_STANDARD = "gnu++14";
				CLANG_CXX_LIBRARY = "libc++";
				CLANG_ENABLE_MODULES = YES;
				CLANG_ENABLE_OBJC_ARC = YES;
				CLANG_ENABLE_OBJC_WEAK = YES;
				CLANG_WARN_BLOCK_CAPTURE_AUTORELEASING = YES;
				CLANG_WARN_BOOL_CONVERSION = YES;
				CLANG_WARN_COMMA = YES;
				CLANG_WARN_CONSTANT_CONVERSION = YES;
				CLANG_WARN_DEPRECATED_OBJC_IMPLEMENTATIONS = YES;
				CLANG_WARN_DIRECT_OBJC_ISA_USAGE = YES_ERROR;
				CLANG_WARN_DOCUMENTATION_COMMENTS = YES;
				CLANG_WARN_EMPTY_BODY = YES;
				CLANG_WARN_ENUM_CONVERSION = YES;
				CLANG_WARN_INFINITE_RECURSION = YES;
				CLANG_WARN_INT_CONVERSION = YES;
				CLANG_WARN_NON_LITERAL_NULL_CONVERSION = YES;
				CLANG_WARN_OBJC_IMPLICIT_RETAIN_SELF = YES;
				CLANG_WARN_OBJC_LITERAL_CONVERSION = YES;
				CLANG_WARN_OBJC_ROOT_CLASS = YES_ERROR;
				CLANG_WARN_RANGE_LOOP_ANALYSIS = YES;
				CLANG_WARN_STRICT_PROTOTYPES = YES;
				CLANG_WARN_SUSPICIOUS_MOVE = YES;
				CLANG_WARN_UNGUARDED_AVAILABILITY = YES_AGGRESSIVE;
				CLANG_WARN_UNREACHABLE_CODE = YES;
				CLANG_WARN__DUPLICATE_METHOD_MATCH = YES;
				COPY_PHASE_STRIP = NO;
				DEBUG_INFORMATION_FORMAT = dwarf;
				ENABLE_STRICT_OBJC_MSGSEND = YES;
				ENABLE_TESTABILITY = YES;
				GCC_C_LANGUAGE_STANDARD = gnu11;
				GCC_DYNAMIC_NO_PIC = NO;
				GCC_NO_COMMON_BLOCKS = YES;
				GCC_OPTIMIZATION_LEVEL = 0;
				GCC_PREPROCESSOR_DEFINITIONS = (
					"DEBUG=1",
					"$(inherited)",
				);
				GCC_WARN_64_TO_32_BIT_CONVERSION = YES;
				GCC_WARN_ABOUT_RETURN_TYPE = YES_ERROR;
				GCC_WARN_UNDECLARED_SELECTOR = YES;
				GCC_WARN_UNINITIALIZED_AUTOS = YES_AGGRESSIVE;
				GCC_WARN_UNUSED_FUNCTION = YES;
				GCC_WARN_UNUSED_VARIABLE = YES;
				IPHONEOS_DEPLOYMENT_TARGET = 13.2;
				MTL_ENABLE_DEBUG_INFO = INCLUDE_SOURCE;
				MTL_FAST_MATH = YES;
				ONLY_ACTIVE_ARCH = YES;
				SDKROOT = iphoneos;
				SWIFT_ACTIVE_COMPILATION_CONDITIONS = DEBUG;
				SWIFT_OPTIMIZATION_LEVEL = "-Onone";
			};
			name = Debug;
		};
		14F9914F272E8D120026C949 /* Release */ = {
			isa = XCBuildConfiguration;
			buildSettings = {
				ALWAYS_SEARCH_USER_PATHS = NO;
				CLANG_ANALYZER_NONNULL = YES;
				CLANG_ANALYZER_NUMBER_OBJECT_CONVERSION = YES_AGGRESSIVE;
				CLANG_CXX_LANGUAGE_STANDARD = "gnu++14";
				CLANG_CXX_LIBRARY = "libc++";
				CLANG_ENABLE_MODULES = YES;
				CLANG_ENABLE_OBJC_ARC = YES;
				CLANG_ENABLE_OBJC_WEAK = YES;
				CLANG_WARN_BLOCK_CAPTURE_AUTORELEASING = YES;
				CLANG_WARN_BOOL_CONVERSION = YES;
				CLANG_WARN_COMMA = YES;
				CLANG_WARN_CONSTANT_CONVERSION = YES;
				CLANG_WARN_DEPRECATED_OBJC_IMPLEMENTATIONS = YES;
				CLANG_WARN_DIRECT_OBJC_ISA_USAGE = YES_ERROR;
				CLANG_WARN_DOCUMENTATION_COMMENTS = YES;
				CLANG_WARN_EMPTY_BODY = YES;
				CLANG_WARN_ENUM_CONVERSION = YES;
				CLANG_WARN_INFINITE_RECURSION = YES;
				CLANG_WARN_INT_CONVERSION = YES;
				CLANG_WARN_NON_LITERAL_NULL_CONVERSION = YES;
				CLANG_WARN_OBJC_IMPLICIT_RETAIN_SELF = YES;
				CLANG_WARN_OBJC_LITERAL_CONVERSION = YES;
				CLANG_WARN_OBJC_ROOT_CLASS = YES_ERROR;
				CLANG_WARN_RANGE_LOOP_ANALYSIS = YES;
				CLANG_WARN_STRICT_PROTOTYPES = YES;
				CLANG_WARN_SUSPICIOUS_MOVE = YES;
				CLANG_WARN_UNGUARDED_AVAILABILITY = YES_AGGRESSIVE;
				CLANG_WARN_UNREACHABLE_CODE = YES;
				CLANG_WARN__DUPLICATE_METHOD_MATCH = YES;
				COPY_PHASE_STRIP = NO;
				DEBUG_INFORMATION_FORMAT = "dwarf-with-dsym";
				ENABLE_NS_ASSERTIONS = NO;
				ENABLE_STRICT_OBJC_MSGSEND = YES;
				GCC_C_LANGUAGE_STANDARD = gnu11;
				GCC_NO_COMMON_BLOCKS = YES;
				GCC_WARN_64_TO_32_BIT_CONVERSION = YES;
				GCC_WARN_ABOUT_RETURN_TYPE = YES_ERROR;
				GCC_WARN_UNDECLARED_SELECTOR = YES;
				GCC_WARN_UNINITIALIZED_AUTOS = YES_AGGRESSIVE;
				GCC_WARN_UNUSED_FUNCTION = YES;
				GCC_WARN_UNUSED_VARIABLE = YES;
				IPHONEOS_DEPLOYMENT_TARGET = 13.2;
				MTL_ENABLE_DEBUG_INFO = NO;
				MTL_FAST_MATH = YES;
				SDKROOT = iphoneos;
				SWIFT_COMPILATION_MODE = wholemodule;
				SWIFT_OPTIMIZATION_LEVEL = "-O";
				VALIDATE_PRODUCT = YES;
			};
			name = Release;
		};
		14F99151272E8D120026C949 /* Debug */ = {
			isa = XCBuildConfiguration;
			baseConfigurationReference = B45D2882890F59D314256C70 /* Pods-weather.debug.xcconfig */;
			buildSettings = {
				ASSETCATALOG_COMPILER_APPICON_NAME = AppIcon;
				CODE_SIGN_STYLE = Automatic;
				INFOPLIST_FILE = weather/Info.plist;
				LD_RUNPATH_SEARCH_PATHS = (
					"$(inherited)",
					"@executable_path/Frameworks",
				);
				PRODUCT_BUNDLE_IDENTIFIER = com.utsha.www.weather;
				PRODUCT_NAME = "$(TARGET_NAME)";
				SWIFT_VERSION = 5.0;
				TARGETED_DEVICE_FAMILY = "1,2";
			};
			name = Debug;
		};
		14F99152272E8D120026C949 /* Release */ = {
			isa = XCBuildConfiguration;
			baseConfigurationReference = 70418A5E3A646DE86F210A26 /* Pods-weather.release.xcconfig */;
			buildSettings = {
				ASSETCATALOG_COMPILER_APPICON_NAME = AppIcon;
				CODE_SIGN_STYLE = Automatic;
				INFOPLIST_FILE = weather/Info.plist;
				LD_RUNPATH_SEARCH_PATHS = (
					"$(inherited)",
					"@executable_path/Frameworks",
				);
				PRODUCT_BUNDLE_IDENTIFIER = com.utsha.www.weather;
				PRODUCT_NAME = "$(TARGET_NAME)";
				SWIFT_VERSION = 5.0;
				TARGETED_DEVICE_FAMILY = "1,2";
			};
			name = Release;
		};
		14F99154272E8D120026C949 /* Debug */ = {
			isa = XCBuildConfiguration;
			baseConfigurationReference = 033E5F00449460D0346778E9 /* Pods-weatherTests.debug.xcconfig */;
			buildSettings = {
				ALWAYS_EMBED_SWIFT_STANDARD_LIBRARIES = YES;
				BUNDLE_LOADER = "$(TEST_HOST)";
				CODE_SIGN_STYLE = Automatic;
				INFOPLIST_FILE = weatherTests/Info.plist;
				IPHONEOS_DEPLOYMENT_TARGET = 13.2;
				LD_RUNPATH_SEARCH_PATHS = (
					"$(inherited)",
					"@executable_path/Frameworks",
					"@loader_path/Frameworks",
				);
				PRODUCT_BUNDLE_IDENTIFIER = com.utsha.www.weatherTests;
				PRODUCT_NAME = "$(TARGET_NAME)";
				SWIFT_VERSION = 5.0;
				TARGETED_DEVICE_FAMILY = "1,2";
				TEST_HOST = "$(BUILT_PRODUCTS_DIR)/weather.app/weather";
			};
			name = Debug;
		};
		14F99155272E8D120026C949 /* Release */ = {
			isa = XCBuildConfiguration;
			baseConfigurationReference = 726437A128E42B3645B576F4 /* Pods-weatherTests.release.xcconfig */;
			buildSettings = {
				ALWAYS_EMBED_SWIFT_STANDARD_LIBRARIES = YES;
				BUNDLE_LOADER = "$(TEST_HOST)";
				CODE_SIGN_STYLE = Automatic;
				INFOPLIST_FILE = weatherTests/Info.plist;
				IPHONEOS_DEPLOYMENT_TARGET = 13.2;
				LD_RUNPATH_SEARCH_PATHS = (
					"$(inherited)",
					"@executable_path/Frameworks",
					"@loader_path/Frameworks",
				);
				PRODUCT_BUNDLE_IDENTIFIER = com.utsha.www.weatherTests;
				PRODUCT_NAME = "$(TARGET_NAME)";
				SWIFT_VERSION = 5.0;
				TARGETED_DEVICE_FAMILY = "1,2";
				TEST_HOST = "$(BUILT_PRODUCTS_DIR)/weather.app/weather";
			};
			name = Release;
		};
		14F99157272E8D120026C949 /* Debug */ = {
			isa = XCBuildConfiguration;
			baseConfigurationReference = 054EF0EA42C9174899C2D618 /* Pods-weather-weatherUITests.debug.xcconfig */;
			buildSettings = {
				ALWAYS_EMBED_SWIFT_STANDARD_LIBRARIES = YES;
				CODE_SIGN_STYLE = Automatic;
				INFOPLIST_FILE = weatherUITests/Info.plist;
				LD_RUNPATH_SEARCH_PATHS = (
					"$(inherited)",
					"@executable_path/Frameworks",
					"@loader_path/Frameworks",
				);
				PRODUCT_BUNDLE_IDENTIFIER = com.utsha.www.weatherUITests;
				PRODUCT_NAME = "$(TARGET_NAME)";
				SWIFT_VERSION = 5.0;
				TARGETED_DEVICE_FAMILY = "1,2";
				TEST_TARGET_NAME = weather;
			};
			name = Debug;
		};
		14F99158272E8D120026C949 /* Release */ = {
			isa = XCBuildConfiguration;
			baseConfigurationReference = 9C52C7278B8F7421646C6D73 /* Pods-weather-weatherUITests.release.xcconfig */;
			buildSettings = {
				ALWAYS_EMBED_SWIFT_STANDARD_LIBRARIES = YES;
				CODE_SIGN_STYLE = Automatic;
				INFOPLIST_FILE = weatherUITests/Info.plist;
				LD_RUNPATH_SEARCH_PATHS = (
					"$(inherited)",
					"@executable_path/Frameworks",
					"@loader_path/Frameworks",
				);
				PRODUCT_BUNDLE_IDENTIFIER = com.utsha.www.weatherUITests;
				PRODUCT_NAME = "$(TARGET_NAME)";
				SWIFT_VERSION = 5.0;
				TARGETED_DEVICE_FAMILY = "1,2";
				TEST_TARGET_NAME = weather;
			};
			name = Release;
		};
/* End XCBuildConfiguration section */

/* Begin XCConfigurationList section */
		14F99121272E8D110026C949 /* Build configuration list for PBXProject "weather" */ = {
			isa = XCConfigurationList;
			buildConfigurations = (
				14F9914E272E8D120026C949 /* Debug */,
				14F9914F272E8D120026C949 /* Release */,
			);
			defaultConfigurationIsVisible = 0;
			defaultConfigurationName = Release;
		};
		14F99150272E8D120026C949 /* Build configuration list for PBXNativeTarget "weather" */ = {
			isa = XCConfigurationList;
			buildConfigurations = (
				14F99151272E8D120026C949 /* Debug */,
				14F99152272E8D120026C949 /* Release */,
			);
			defaultConfigurationIsVisible = 0;
			defaultConfigurationName = Release;
		};
		14F99153272E8D120026C949 /* Build configuration list for PBXNativeTarget "weatherTests" */ = {
			isa = XCConfigurationList;
			buildConfigurations = (
				14F99154272E8D120026C949 /* Debug */,
				14F99155272E8D120026C949 /* Release */,
			);
			defaultConfigurationIsVisible = 0;
			defaultConfigurationName = Release;
		};
		14F99156272E8D120026C949 /* Build configuration list for PBXNativeTarget "weatherUITests" */ = {
			isa = XCConfigurationList;
			buildConfigurations = (
				14F99157272E8D120026C949 /* Debug */,
				14F99158272E8D120026C949 /* Release */,
			);
			defaultConfigurationIsVisible = 0;
			defaultConfigurationName = Release;
		};
/* End XCConfigurationList section */
	};
	rootObject = 14F9911E272E8D110026C949 /* Project object */;
}
